
Microsoft Visual Studio Solution File, Format Version 12.00
# Visual Studio Version 17
VisualStudioVersion = 17.3.32825.248
MinimumVisualStudioVersion = 10.0.40219.1
Project("{FAE04EC0-301F-11D3-BF4B-00C04F79EFBC}") = "fib", "fib\fib.csproj", "{D195F9F1-A49D-4B9F-B200-864CA93BC54A}"
EndProject
Global
	GlobalSection(SolutionConfigurationPlatforms) = preSolution
		Debug|Any CPU = Debug|Any CPU
		Release|Any CPU = Release|Any CPU
	EndGlobalSection
	GlobalSection(ProjectConfigurationPlatforms) = postSolution
		{D195F9F1-A49D-4B9F-B200-864CA93BC54A}.Debug|Any CPU.ActiveCfg = Debug|Any CPU
		{D195F9F1-A49D-4B9F-B200-864CA93BC54A}.Debug|Any CPU.Build.0 = Debug|Any CPU
		{D195F9F1-A49D-4B9F-B200-864CA93BC54A}.Release|Any CPU.ActiveCfg = Release|Any CPU
		{D195F9F1-A49D-4B9F-B200-864CA93BC54A}.Release|Any CPU.Build.0 = Release|Any CPU
	EndGlobalSection
	GlobalSection(SolutionProperties) = preSolution
		HideSolutionNode = FALSE
	EndGlobalSection
	GlobalSection(ExtensibilityGlobals) = postSolution
		SolutionGuid = {DC564367-4F58-4188-BBB8-99D724C57B9B}
	EndGlobalSection
EndGlobal
